
Microsoft Visual Studio Solution File, Format Version 12.00
# Visual Studio 15
VisualStudioVersion = 15.0.28307.102
MinimumVisualStudioVersion = 10.0.40219.1
Project("{FAE04EC0-301F-11D3-BF4B-00C04F79EFBC}") = "AppOnlySetup", "AppOnlySetup\AppOnlySetup.csproj", "{2344C1DE-56DC-4529-A4B0-5DCA8E969984}"
EndProject
Global
	GlobalSection(SolutionConfigurationPlatforms) = preSolution
		Debug|Any CPU = Debug|Any CPU
		Release|Any CPU = Release|Any CPU
	EndGlobalSection
	GlobalSection(ProjectConfigurationPlatforms) = postSolution
		{2344C1DE-56DC-4529-A4B0-5DCA8E969984}.Debug|Any CPU.ActiveCfg = Debug|Any CPU
		{2344C1DE-56DC-4529-A4B0-5DCA8E969984}.Debug|Any CPU.Build.0 = Debug|Any CPU
		{2344C1DE-56DC-4529-A4B0-5DCA8E969984}.Release|Any CPU.ActiveCfg = Release|Any CPU
		{2344C1DE-56DC-4529-A4B0-5DCA8E969984}.Release|Any CPU.Build.0 = Release|Any CPU
	EndGlobalSection
	GlobalSection(SolutionProperties) = preSolution
		HideSolutionNode = FALSE
	EndGlobalSection
	GlobalSection(ExtensibilityGlobals) = postSolution
		SolutionGuid = {C1D2AA48-4C75-4048-93E2-97591C40A7B3}
	EndGlobalSection
EndGlobal
